
Microsoft Visual Studio Solution File, Format Version 12.00
# Visual Studio Version 17
VisualStudioVersion = 17.0.31919.166
MinimumVisualStudioVersion = 10.0.40219.1
Project("{FAE04EC0-301F-11D3-BF4B-00C04F79EFBC}") = "E_Jogos", "E_Jogos\E_Jogos.csproj", "{043C949A-2C83-439B-B738-55EE269D6431}"
EndProject
Global
	GlobalSection(SolutionConfigurationPlatforms) = preSolution
		Debug|Any CPU = Debug|Any CPU
		Release|Any CPU = Release|Any CPU
	EndGlobalSection
	GlobalSection(ProjectConfigurationPlatforms) = postSolution
		{043C949A-2C83-439B-B738-55EE269D6431}.Debug|Any CPU.ActiveCfg = Debug|Any CPU
		{043C949A-2C83-439B-B738-55EE269D6431}.Debug|Any CPU.Build.0 = Debug|Any CPU
		{043C949A-2C83-439B-B738-55EE269D6431}.Release|Any CPU.ActiveCfg = Release|Any CPU
		{043C949A-2C83-439B-B738-55EE269D6431}.Release|Any CPU.Build.0 = Release|Any CPU
	EndGlobalSection
	GlobalSection(SolutionProperties) = preSolution
		HideSolutionNode = FALSE
	EndGlobalSection
	GlobalSection(ExtensibilityGlobals) = postSolution
		SolutionGuid = {1A09F19D-DECD-4B35-A6C6-7A2ABB354A85}
	EndGlobalSection
EndGlobal
